{
  "name": "trascendande",
  "lockfileVersion": 3,
  "requires": true,
  "packages": {
    "": {
      "dependencies": {
        "@fontsource/oswald": "^5.2.8"
      }
    },
    "node_modules/@fontsource/oswald": {
      "version": "5.2.8",
      "resolved": "https://registry.npmjs.org/@fontsource/oswald/-/oswald-5.2.8.tgz",
      "integrity": "sha512-DFoPK1BqsFIQhVjs2xgO/oL9veF9oUJgFojEWIU+nazUrfqsBDtAMI4n9L9CZFX3kQNDLcCyzKx1xoEDvQT4WQ==",
      "license": "OFL-1.1",
      "funding": {
        "url": "https://github.com/sponsors/ayuhito"
      }
    }
  }
}
